lockfileVersion: '9.0'

settings:
  autoInstallPeers: true
  excludeLinksFromLockfile: false

importers:

  .:
    dependencies:
      chalk:
        specifier: ^4.1.2
        version: 4.1.2
      chokidar:
        specifier: ^3.5.3
        version: 3.6.0
      debug:
        specifier: ^4.3.4
        version: 4.4.3(supports-color@8.1.1)
      inquirer:
        specifier: ^8.2.5
        version: 8.2.7(@types/node@18.19.130)
      node-easy-cert:
        specifier: ^1.3.3
        version: 1.3.3
      portfinder:
        specifier: ^1.0.32
        version: 1.0.38
      ws:
        specifier: ^8.12.1
        version: 8.19.0
    devDependencies:
      '@types/node':
        specifier: ^18.13.0
        version: 18.19.130
      '@types/ws':
        specifier: ^8.5.4
        version: 8.18.1
      mocha:
        specifier: ^10.2.0
        version: 10.8.2
      nodemon:
        specifier: ^2.0.20
        version: 2.0.22

packages:

  '@inquirer/external-editor@1.0.3':
    resolution: {integrity: sha1-wjmIKR7mdikP2rP9MG5kAQptE7g=, tarball: https://registry.npm.wps.cn/@inquirer/external-editor/download/@inquirer/external-editor-1.0.3.tgz}
    engines: {node: '>=18'}
    peerDependencies:
      '@types/node': '>=18'
    peerDependenciesMeta:
      '@types/node':
        optional: true

  '@types/node@18.19.130':
    resolution: {integrity: sha1-2kxjJHk6ed77emLLo5R+xa3QDVk=, tarball: https://registry.npm.wps.cn/@types/node/download/@types/node-18.19.130.tgz}

  '@types/ws@8.18.1':
    resolution: {integrity: sha1-SEZOS/Ld/RfbE9hFRn9gcP/qSqk=, tarball: https://registry.npm.wps.cn/@types/ws/download/@types/ws-8.18.1.tgz}

  ansi-colors@4.1.3:
    resolution: {integrity: sha1-N2ETQOsiQ+cMxgTK011jJw1IeBs=, tarball: https://registry.npm.wps.cn/ansi-colors/download/ansi-colors-4.1.3.tgz}
    engines: {node: '>=6'}

  ansi-escapes@4.3.2:
    resolution: {integrity: sha1-ayKR0dt9mLZSHV8e+kLQ86n+tl4=, tarball: https://registry.npm.wps.cn/ansi-escapes/download/ansi-escapes-4.3.2.tgz}
    engines: {node: '>=8'}

  ansi-regex@5.0.1:
    resolution: {integrity: sha1-CCyyyJyf6GWaMRpTvWpNxTAdswQ=, tarball: https://registry.npm.wps.cn/ansi-regex/download/ansi-regex-5.0.1.tgz}
    engines: {node: '>=8'}

  ansi-styles@3.2.1:
    resolution: {integrity: sha1-QfuyAkPlCxK+DwS43tvwdSDOhB0=, tarball: https://registry.npm.wps.cn/ansi-styles/download/ansi-styles-3.2.1.tgz}
    engines: {node: '>=4'}

  ansi-styles@4.3.0:
    resolution: {integrity: sha1-7dgDYornHATIWuegkG7a00tkiTc=, tarball: https://registry.npm.wps.cn/ansi-styles/download/ansi-styles-4.3.0.tgz}
    engines: {node: '>=8'}

  anymatch@3.1.3:
    resolution: {integrity: sha1-eQxYsZuhcgqEIFtXxhjVrYUklz4=, tarball: https://registry.npm.wps.cn/anymatch/download/anymatch-3.1.3.tgz}
    engines: {node: '>= 8'}

  argparse@2.0.1:
    resolution: {integrity: sha1-JG9Q88p4oyQPbJl+ipvR6sSeSzg=, tarball: https://registry.npm.wps.cn/argparse/download/argparse-2.0.1.tgz}

  async-task-mgr@1.1.0:
    resolution: {integrity: sha1-qC0RrvYxrlZ7XXax6DqZmko0qvY=, tarball: https://registry.npm.wps.cn/async-task-mgr/download/async-task-mgr-1.1.0.tgz}

  async@3.2.6:
    resolution: {integrity: sha1-Gwco4Ukp1RuFtEm38G4nwRReOM4=, tarball: https://registry.npm.wps.cn/async/download/async-3.2.6.tgz}

  balanced-match@1.0.2:
    resolution: {integrity: sha1-6D46fj8wCzTLnYf2FfoMvzV2kO4=, tarball: https://registry.npm.wps.cn/balanced-match/download/balanced-match-1.0.2.tgz}

  base64-js@1.5.1:
    resolution: {integrity: sha1-GxtEAWClv3rUC2UPCVljSBkDkwo=, tarball: https://registry.npm.wps.cn/base64-js/download/base64-js-1.5.1.tgz}

  binary-extensions@2.3.0:
    resolution: {integrity: sha1-9uFKl4WNMnJSIAJC1Mz+UixEVSI=, tarball: https://registry.npm.wps.cn/binary-extensions/download/binary-extensions-2.3.0.tgz}
    engines: {node: '>=8'}

  bl@4.1.0:
    resolution: {integrity: sha1-RRU1JkGCvsL7vIOmKrmM8R2fezo=, tarball: https://registry.npm.wps.cn/bl/download/bl-4.1.0.tgz}

  bluebird@3.7.2:
    resolution: {integrity: sha1-nyKcFb4nJFT/qXOs4NvueaGww28=, tarball: https://registry.npm.wps.cn/bluebird/download/bluebird-3.7.2.tgz}

  brace-expansion@1.1.12:
    resolution: {integrity: sha1-q5tFRGblqMw6GHvqrVgEEqnFuEM=, tarball: https://registry.npm.wps.cn/brace-expansion/download/brace-expansion-1.1.12.tgz}

  brace-expansion@2.0.2:
    resolution: {integrity: sha1-VPxTI3phPYVMe9N0Y6rRffhyFOc=, tarball: https://registry.npm.wps.cn/brace-expansion/download/brace-expansion-2.0.2.tgz}

  braces@3.0.3:
    resolution: {integrity: sha1-SQMy9AkZRSJy1VqEgK3AxEE1h4k=, tarball: https://registry.npm.wps.cn/braces/download/braces-3.0.3.tgz}
    engines: {node: '>=8'}

  browser-stdout@1.3.1:
    resolution: {integrity: sha1-uqVZ7hTO1zRSIputcyZGfGH6vWA=, tarball: https://registry.npm.wps.cn/browser-stdout/download/browser-stdout-1.3.1.tgz}

  buffer@5.7.1:
    resolution: {integrity: sha1-umLnwTEzBTWCGXFghRqPZI6Z7tA=, tarball: https://registry.npm.wps.cn/buffer/download/buffer-5.7.1.tgz}

  camelcase@6.3.0:
    resolution: {integrity: sha1-VoW5XrIJrJwMF3Rnd4ychN9Yupo=, tarball: https://registry.npm.wps.cn/camelcase/download/camelcase-6.3.0.tgz}
    engines: {node: '>=10'}

  chalk@2.4.2:
    resolution: {integrity: sha1-zUJUFnelQzPPVBpJEIwUMrRMlCQ=, tarball: https://registry.npm.wps.cn/chalk/download/chalk-2.4.2.tgz}
    engines: {node: '>=4'}

  chalk@4.1.2:
    resolution: {integrity: sha1-qsTit3NKdAhnrrFr8CqtVWoeegE=, tarball: https://registry.npm.wps.cn/chalk/download/chalk-4.1.2.tgz}
    engines: {node: '>=10'}

  chardet@2.1.1:
    resolution: {integrity: sha1-XHVZNwSmQvce5TcX3yNAMeZTc8g=, tarball: https://registry.npm.wps.cn/chardet/download/chardet-2.1.1.tgz}

  chokidar@3.6.0:
    resolution: {integrity: sha1-GXxsxmnvKo3F57TZfuTgksPrDVs=, tarball: https://registry.npm.wps.cn/chokidar/download/chokidar-3.6.0.tgz}
    engines: {node: '>= 8.10.0'}

  cli-cursor@3.1.0:
    resolution: {integrity: sha1-JkMFp65JDR0Dvwybp8kl0XU68wc=, tarball: https://registry.npm.wps.cn/cli-cursor/download/cli-cursor-3.1.0.tgz}
    engines: {node: '>=8'}

  cli-spinners@2.9.2:
    resolution: {integrity: sha1-F3Oo9LnE1qwxVj31Oz/B15Ri/kE=, tarball: https://registry.npm.wps.cn/cli-spinners/download/cli-spinners-2.9.2.tgz}
    engines: {node: '>=6'}

  cli-width@3.0.0:
    resolution: {integrity: sha1-ovSEN6LKqaIkNueUvwceyeYc7fY=, tarball: https://registry.npm.wps.cn/cli-width/download/cli-width-3.0.0.tgz}
    engines: {node: '>= 10'}

  cliui@7.0.4:
    resolution: {integrity: sha1-oCZe5lVHb8gHrqnfPfjfd4OAi08=, tarball: https://registry.npm.wps.cn/cliui/download/cliui-7.0.4.tgz}

  clone@1.0.4:
    resolution: {integrity: sha1-2jCcwmPfFZlMaIypAheco8fNfH4=, tarball: https://registry.npm.wps.cn/clone/download/clone-1.0.4.tgz}
    engines: {node: '>=0.8'}

  color-convert@1.9.3:
    resolution: {integrity: sha1-u3GFBpDh8TZWfeYp0tVHHe2kweg=, tarball: https://registry.npm.wps.cn/color-convert/download/color-convert-1.9.3.tgz}

  color-convert@2.0.1:
    resolution: {integrity: sha1-ctOmjVmMm9s68q0ehPIdiWq9TeM=, tarball: https://registry.npm.wps.cn/color-convert/download/color-convert-2.0.1.tgz}
    engines: {node: '>=7.0.0'}

  color-name@1.1.3:
    resolution: {integrity: sha1-p9BVi9icQveV3UIyj3QIMcpTvCU=, tarball: https://registry.npm.wps.cn/color-name/download/color-name-1.1.3.tgz}

  color-name@1.1.4:
    resolution: {integrity: sha1-wqCah6y95pVD3m9j+jmVyCbFNqI=, tarball: https://registry.npm.wps.cn/color-name/download/color-name-1.1.4.tgz}

  colorful@2.1.0:
    resolution: {integrity: sha1-aovcvC2kKlDbO0iC+iUmOqofLY4=, tarball: https://registry.npm.wps.cn/colorful/download/colorful-2.1.0.tgz}

  commander@2.20.3:
    resolution: {integrity: sha1-/UhehMA+tIgcIHIrpIA16FMa6zM=, tarball: https://registry.npm.wps.cn/commander/download/commander-2.20.3.tgz}

  concat-map@0.0.1:
    resolution: {integrity: sha1-2Klr13/Wjfd5OnMDajug1UBdR3s=, tarball: https://registry.npm.wps.cn/concat-map/download/concat-map-0.0.1.tgz}

  debug@3.2.7:
    resolution: {integrity: sha1-clgLfpFF+zm2Z2+cXl+xALk0F5o=, tarball: https://registry.npm.wps.cn/debug/download/debug-3.2.7.tgz}
    peerDependencies:
      supports-color: '*'
    peerDependenciesMeta:
      supports-color:
        optional: true

  debug@4.4.3:
    resolution: {integrity: sha1-xq5DLZvZZiWC/OCHCbA4xY6ePWo=, tarball: https://registry.npm.wps.cn/debug/download/debug-4.4.3.tgz}
    engines: {node: '>=6.0'}
    peerDependencies:
      supports-color: '*'
    peerDependenciesMeta:
      supports-color:
        optional: true

  decamelize@4.0.0:
    resolution: {integrity: sha1-qkcte/Zg6xXzSU79UxyrfypwmDc=, tarball: https://registry.npm.wps.cn/decamelize/download/decamelize-4.0.0.tgz}
    engines: {node: '>=10'}

  defaults@1.0.4:
    resolution: {integrity: sha1-sLAgYsHiqmL/XZUo8PmLqpCXjXo=, tarball: https://registry.npm.wps.cn/defaults/download/defaults-1.0.4.tgz}

  diff@5.2.2:
    resolution: {integrity: sha1-CkdCeXKB0Jz6aZt56jLSdyNiO60=, tarball: https://registry.npm.wps.cn/diff/download/diff-5.2.2.tgz}
    engines: {node: '>=0.3.1'}

  emoji-regex@8.0.0:
    resolution: {integrity: sha1-6Bj9ac5cz8tARZT4QpY79TFkzDc=, tarball: https://registry.npm.wps.cn/emoji-regex/download/emoji-regex-8.0.0.tgz}

  escalade@3.2.0:
    resolution: {integrity: sha1-ARo/aYVroYnf+n3I/M6Z0qh5A+U=, tarball: https://registry.npm.wps.cn/escalade/download/escalade-3.2.0.tgz}
    engines: {node: '>=6'}

  escape-string-regexp@1.0.5:
    resolution: {integrity: sha1-G2HAViGQqN/2rjuyzwIAyhMLhtQ=, tarball: https://registry.npm.wps.cn/escape-string-regexp/download/escape-string-regexp-1.0.5.tgz}
    engines: {node: '>=0.8.0'}

  escape-string-regexp@4.0.0:
    resolution: {integrity: sha1-FLqDpdNz49MR5a/KKc9b+tllvzQ=, tarball: https://registry.npm.wps.cn/escape-string-regexp/download/escape-string-regexp-4.0.0.tgz}
    engines: {node: '>=10'}

  figures@3.2.0:
    resolution: {integrity: sha1-YlwYvSk8YE3EqN2y/r8MiDQXRq8=, tarball: https://registry.npm.wps.cn/figures/download/figures-3.2.0.tgz}
    engines: {node: '>=8'}

  fill-range@7.1.1:
    resolution: {integrity: sha1-RCZdPKwH4+p9wkdRY4BkN1SgUpI=, tarball: https://registry.npm.wps.cn/fill-range/download/fill-range-7.1.1.tgz}
    engines: {node: '>=8'}

  find-up@5.0.0:
    resolution: {integrity: sha1-TJKBnstwg1YeT0okCoa+UZj1Nvw=, tarball: https://registry.npm.wps.cn/find-up/download/find-up-5.0.0.tgz}
    engines: {node: '>=10'}

  flat@5.0.2:
    resolution: {integrity: sha1-jKb+MyBp/6nTJMMnGYxZglnOskE=, tarball: https://registry.npm.wps.cn/flat/download/flat-5.0.2.tgz}
    hasBin: true

  fs.realpath@1.0.0:
    resolution: {integrity: sha1-FQStJSMVjKpA20onh8sBQRmU6k8=, tarball: https://registry.npm.wps.cn/fs.realpath/download/fs.realpath-1.0.0.tgz}

  fsevents@2.3.3:
    resolution: {integrity: sha1-ysZAd4XQNnWipeGlMFxpezR9kNY=, tarball: https://registry.npm.wps.cn/fsevents/download/fsevents-2.3.3.tgz}
    engines: {node: ^8.16.0 || ^10.6.0 || >=11.0.0}
    os: [darwin]

  get-caller-file@2.0.5:
    resolution: {integrity: sha1-T5RBKoLbMvNuOwuXQfipf+sDH34=, tarball: https://registry.npm.wps.cn/get-caller-file/download/get-caller-file-2.0.5.tgz}
    engines: {node: 6.* || 8.* || >= 10.*}

  glob-parent@5.1.2:
    resolution: {integrity: sha1-hpgyxYA0/mikCTwX3BXoNA2EAcQ=, tarball: https://registry.npm.wps.cn/glob-parent/download/glob-parent-5.1.2.tgz}
    engines: {node: '>= 6'}

  glob@8.1.0:
    resolution: {integrity: sha1-04j2Vlk+9wjuPjRkD9+5mp/Rwz4=, tarball: https://registry.npm.wps.cn/glob/download/glob-8.1.0.tgz}
    engines: {node: '>=12'}
    deprecated: Old versions of glob are not supported, and contain widely publicized security vulnerabilities, which have been fixed in the current version. Please update. Support for old versions may be purchased (at exorbitant rates) by contacting i@izs.me

  has-flag@3.0.0:
    resolution: {integrity: sha1-tdRU3CGZriJWmfNGfloH87lVuv0=, tarball: https://registry.npm.wps.cn/has-flag/download/has-flag-3.0.0.tgz}
    engines: {node: '>=4'}

  has-flag@4.0.0:
    resolution: {integrity: sha1-lEdx/ZyByBJlxNaUGGDaBrtZR5s=, tarball: https://registry.npm.wps.cn/has-flag/download/has-flag-4.0.0.tgz}
    engines: {node: '>=8'}

  he@1.2.0:
    resolution: {integrity: sha1-hK5l+n6vsWX922FWauFLrwVmTw8=, tarball: https://registry.npm.wps.cn/he/download/he-1.2.0.tgz}
    hasBin: true

  iconv-lite@0.7.2:
    resolution: {integrity: sha1-0L3qw/ErSDW3NZwq2JxCKk0cxy4=, tarball: https://registry.npm.wps.cn/iconv-lite/download/iconv-lite-0.7.2.tgz}
    engines: {node: '>=0.10.0'}

  ieee754@1.2.1:
    resolution: {integrity: sha1-jrehCmP/8l0VpXsAFYbRd9Gw01I=, tarball: https://registry.npm.wps.cn/ieee754/download/ieee754-1.2.1.tgz}

  ignore-by-default@1.0.1:
    resolution: {integrity: sha1-SMptcvbGo68Aqa1K5odr44ieKwk=, tarball: https://registry.npm.wps.cn/ignore-by-default/download/ignore-by-default-1.0.1.tgz}

  inflight@1.0.6:
    resolution: {integrity: sha1-Sb1jMdfQLQwJvJEKEHW6gWW1bfk=, tarball: https://registry.npm.wps.cn/inflight/download/inflight-1.0.6.tgz}
    deprecated: This module is not supported, and leaks memory. Do not use it. Check out lru-cache if you want a good and tested way to coalesce async requests by a key value, which is much more comprehensive and powerful.

  inherits@2.0.4:
    resolution: {integrity: sha1-D6LGT5MpF8NDOg3tVTY6rjdBa3w=, tarball: https://registry.npm.wps.cn/inherits/download/inherits-2.0.4.tgz}

  inquirer@8.2.7:
    resolution: {integrity: sha1-Yva5Mam3+HNdxC25JzFtj7b3Heg=, tarball: https://registry.npm.wps.cn/inquirer/download/inquirer-8.2.7.tgz}
    engines: {node: '>=12.0.0'}

  is-binary-path@2.1.0:
    resolution: {integrity: sha1-6h9/O4DwZCNug0cPhsCcJU+0Wwk=, tarball: https://registry.npm.wps.cn/is-binary-path/download/is-binary-path-2.1.0.tgz}
    engines: {node: '>=8'}

  is-extglob@2.1.1:
    resolution: {integrity: sha1-qIwCU1eR8C7TfHahueqXc8gz+MI=, tarball: https://registry.npm.wps.cn/is-extglob/download/is-extglob-2.1.1.tgz}
    engines: {node: '>=0.10.0'}

  is-fullwidth-code-point@3.0.0:
    resolution: {integrity: sha1-8Rb4Bk/pCz94RKOJl8C3UFEmnx0=, tarball: https://registry.npm.wps.cn/is-fullwidth-code-point/download/is-fullwidth-code-point-3.0.0.tgz}
    engines: {node: '>=8'}

  is-glob@4.0.3:
    resolution: {integrity: sha1-ZPYeQsu7LuwgcanawLKLoeZdUIQ=, tarball: https://registry.npm.wps.cn/is-glob/download/is-glob-4.0.3.tgz}
    engines: {node: '>=0.10.0'}

  is-interactive@1.0.0:
    resolution: {integrity: sha1-zqbmrlyHCnsKAAQHC3tYfgJSkS4=, tarball: https://registry.npm.wps.cn/is-interactive/download/is-interactive-1.0.0.tgz}
    engines: {node: '>=8'}

  is-number@7.0.0:
    resolution: {integrity: sha1-dTU0W4lnNNX4DE0GxQlVUnoU8Ss=, tarball: https://registry.npm.wps.cn/is-number/download/is-number-7.0.0.tgz}
    engines: {node: '>=0.12.0'}

  is-plain-obj@2.1.0:
    resolution: {integrity: sha1-ReQuN/zPH0Dajl927iFRWEDAkoc=, tarball: https://registry.npm.wps.cn/is-plain-obj/download/is-plain-obj-2.1.0.tgz}
    engines: {node: '>=8'}

  is-unicode-supported@0.1.0:
    resolution: {integrity: sha1-PybHaoCVk7Ur+i7LVxDtJ3m1Iqc=, tarball: https://registry.npm.wps.cn/is-unicode-supported/download/is-unicode-supported-0.1.0.tgz}
    engines: {node: '>=10'}

  js-yaml@4.1.1:
    resolution: {integrity: sha1-hUwpJGdwW2mUduGi3swMijRYgGs=, tarball: https://registry.npm.wps.cn/js-yaml/download/js-yaml-4.1.1.tgz}
    hasBin: true

  locate-path@6.0.0:
    resolution: {integrity: sha1-VTIeswn+u8WcSAHZMackUqaB0oY=, tarball: https://registry.npm.wps.cn/locate-path/download/locate-path-6.0.0.tgz}
    engines: {node: '>=10'}

  lodash@4.17.23:
    resolution: {integrity: sha1-8ROwN4OGEDvk9okziMc9C95/LFo=, tarball: https://registry.npm.wps.cn/lodash/download/lodash-4.17.23.tgz}

  log-symbols@4.1.0:
    resolution: {integrity: sha1-P727lbRoOsn8eFER55LlWNSr1QM=, tarball: https://registry.npm.wps.cn/log-symbols/download/log-symbols-4.1.0.tgz}
    engines: {node: '>=10'}

  mimic-fn@2.1.0:
    resolution: {integrity: sha1-ftLCzMyvhNP/y3pptXcR/CCDQBs=, tarball: https://registry.npm.wps.cn/mimic-fn/download/mimic-fn-2.1.0.tgz}
    engines: {node: '>=6'}

  minimatch@3.1.2:
    resolution: {integrity: sha1-Gc0ZS/0+Qo8EmnCBfAONiatL41s=, tarball: https://registry.npm.wps.cn/minimatch/download/minimatch-3.1.2.tgz}

  minimatch@5.1.6:
    resolution: {integrity: sha1-HPy4z1Ui6mmVLNKvla4JR38SKpY=, tarball: https://registry.npm.wps.cn/minimatch/download/minimatch-5.1.6.tgz}
    engines: {node: '>=10'}

  mocha@10.8.2:
    resolution: {integrity: sha1-jYNC0BbtQRsSpCnrcxuCX5Ya+5Y=, tarball: https://registry.npm.wps.cn/mocha/download/mocha-10.8.2.tgz}
    engines: {node: '>= 14.0.0'}
    hasBin: true

  ms@2.1.3:
    resolution: {integrity: sha1-V0yBOM4dK1hh8LRFedut1gxmFbI=, tarball: https://registry.npm.wps.cn/ms/download/ms-2.1.3.tgz}

  mute-stream@0.0.8:
    resolution: {integrity: sha1-FjDEKyJR/4HiooPelqVJfqkuXg0=, tarball: https://registry.npm.wps.cn/mute-stream/download/mute-stream-0.0.8.tgz}

  node-easy-cert@1.3.3:
    resolution: {integrity: sha1-LwJ5tdiP0QQwNFbIZn49KE8X88o=, tarball: https://registry.npm.wps.cn/node-easy-cert/download/node-easy-cert-1.3.3.tgz}

  node-forge@0.6.49:
    resolution: {integrity: sha1-8e6V1ddGI5OP4Z1piqWibVTS9g8=, tarball: https://registry.npm.wps.cn/node-forge/download/node-forge-0.6.49.tgz}

  node-powershell@3.3.1:
    resolution: {integrity: sha1-u/drKfCR7YPq4WrZ56GAoT820RM=, tarball: https://registry.npm.wps.cn/node-powershell/download/node-powershell-3.3.1.tgz}

  nodemon@2.0.22:
    resolution: {integrity: sha1-GCxFw6eNpIb2c9bBcC4Aco2vUlg=, tarball: https://registry.npm.wps.cn/nodemon/download/nodemon-2.0.22.tgz}
    engines: {node: '>=8.10.0'}
    hasBin: true

  normalize-path@3.0.0:
    resolution: {integrity: sha1-Dc1p/yOhybEf0JeDFmRKA4ghamU=, tarball: https://registry.npm.wps.cn/normalize-path/download/normalize-path-3.0.0.tgz}
    engines: {node: '>=0.10.0'}

  once@1.4.0:
    resolution: {integrity: sha1-WDsap3WWHUsROsF9nFC6753Xa9E=, tarball: https://registry.npm.wps.cn/once/download/once-1.4.0.tgz}

  onetime@5.1.2:
    resolution: {integrity: sha1-0Oluu1awdHbfHdnEgG5SN5hcpF4=, tarball: https://registry.npm.wps.cn/onetime/download/onetime-5.1.2.tgz}
    engines: {node: '>=6'}

  ora@5.4.1:
    resolution: {integrity: sha1-GyZ4Qmr0rEpQkAjl5KyemVnbnhg=, tarball: https://registry.npm.wps.cn/ora/download/ora-5.4.1.tgz}
    engines: {node: '>=10'}

  p-limit@3.1.0:
    resolution: {integrity: sha1-4drMvnjQ0TiMoYxk/qOOPlfjcGs=, tarball: https://registry.npm.wps.cn/p-limit/download/p-limit-3.1.0.tgz}
    engines: {node: '>=10'}

  p-locate@5.0.0:
    resolution: {integrity: sha1-g8gxXGeFAF470CGDlBHJ4RDm2DQ=, tarball: https://registry.npm.wps.cn/p-locate/download/p-locate-5.0.0.tgz}
    engines: {node: '>=10'}

  path-exists@4.0.0:
    resolution: {integrity: sha1-UTvb4tO5XXdi6METfvoZXGxhtbM=, tarball: https://registry.npm.wps.cn/path-exists/download/path-exists-4.0.0.tgz}
    engines: {node: '>=8'}

  picomatch@2.3.1:
    resolution: {integrity: sha1-O6ODNzNkbZ0+SZWUbBNlpn+wekI=, tarball: https://registry.npm.wps.cn/picomatch/download/picomatch-2.3.1.tgz}
    engines: {node: '>=8.6'}

  portfinder@1.0.38:
    resolution: {integrity: sha1-5Ps6LYiLINKXfaBQ5Iq14fV6GF4=, tarball: https://registry.npm.wps.cn/portfinder/download/portfinder-1.0.38.tgz}
    engines: {node: '>= 10.12'}

  pstree.remy@1.1.8:
    resolution: {integrity: sha1-wkIiT0pnwh9oaDm720rCgrg3PTo=, tarball: https://registry.npm.wps.cn/pstree.remy/download/pstree.remy-1.1.8.tgz}

  randombytes@2.1.0:
    resolution: {integrity: sha1-32+ENy8CcNxlzfYpE0mrekc9Tyo=, tarball: https://registry.npm.wps.cn/randombytes/download/randombytes-2.1.0.tgz}

  readable-stream@3.6.2:
    resolution: {integrity: sha1-VqmzbqllwAxak+8x6xEaDxEFaWc=, tarball: https://registry.npm.wps.cn/readable-stream/download/readable-stream-3.6.2.tgz}
    engines: {node: '>= 6'}

  readdirp@3.6.0:
    resolution: {integrity: sha1-dKNwvYVxFuJFspzJc0DNQxoCpsc=, tarball: https://registry.npm.wps.cn/readdirp/download/readdirp-3.6.0.tgz}
    engines: {node: '>=8.10.0'}

  require-directory@2.1.1:
    resolution: {integrity: sha1-jGStX9MNqxyXbiNE/+f3kqam30I=, tarball: https://registry.npm.wps.cn/require-directory/download/require-directory-2.1.1.tgz}
    engines: {node: '>=0.10.0'}

  restore-cursor@3.1.0:
    resolution: {integrity: sha1-OfZ8VLOnpYzqUjbZXPADQjljH34=, tarball: https://registry.npm.wps.cn/restore-cursor/download/restore-cursor-3.1.0.tgz}
    engines: {node: '>=8'}

  run-async@2.4.1:
    resolution: {integrity: sha1-hEDsz5nqPnC9QJ1JqriOEMGJpFU=, tarball: https://registry.npm.wps.cn/run-async/download/run-async-2.4.1.tgz}
    engines: {node: '>=0.12.0'}

  rxjs@7.8.2:
    resolution: {integrity: sha1-lVvEc+2K8RoAKivlIHG/R1Y4YHs=, tarball: https://registry.npm.wps.cn/rxjs/download/rxjs-7.8.2.tgz}

  safe-buffer@5.2.1:
    resolution: {integrity: sha1-Hq+fqb2x/dTsdfWPnNtOa3gn7sY=, tarball: https://registry.npm.wps.cn/safe-buffer/download/safe-buffer-5.2.1.tgz}

  safer-buffer@2.1.2:
    resolution: {integrity: sha1-RPoWGwGHuVSd2Eu5GAL5vYOFzWo=, tarball: https://registry.npm.wps.cn/safer-buffer/download/safer-buffer-2.1.2.tgz}

  semver@5.7.2:
    resolution: {integrity: sha1-SNVdtzfDKHzUg14X+hP+rOHEHvg=, tarball: https://registry.npm.wps.cn/semver/download/semver-5.7.2.tgz}
    hasBin: true

  semver@7.0.0:
    resolution: {integrity: sha1-XzyjV2HkfgWyBsba/yz4FPAxa44=, tarball: https://registry.npm.wps.cn/semver/download/semver-7.0.0.tgz}
    hasBin: true

  serialize-javascript@6.0.2:
    resolution: {integrity: sha1-3voeBVyDv21Z6oBdjahiJU62psI=, tarball: https://registry.npm.wps.cn/serialize-javascript/download/serialize-javascript-6.0.2.tgz}

  signal-exit@3.0.7:
    resolution: {integrity: sha1-qaF2f4r4QVURTqq9c/mSc8j1mtk=, tarball: https://registry.npm.wps.cn/signal-exit/download/signal-exit-3.0.7.tgz}

  simple-update-notifier@1.1.0:
    resolution: {integrity: sha1-Z2lMEh3jVK9ZKzR826eYRj7UnII=, tarball: https://registry.npm.wps.cn/simple-update-notifier/download/simple-update-notifier-1.1.0.tgz}
    engines: {node: '>=8.10.0'}

  string-width@4.2.3:
    resolution: {integrity: sha1-JpxxF9J7Ba0uU2gwqOyJXvnG0BA=, tarball: https://registry.npm.wps.cn/string-width/download/string-width-4.2.3.tgz}
    engines: {node: '>=8'}

  string_decoder@1.3.0:
    resolution: {integrity: sha1-QvEUWUpGzxqOMLCoT1bHjD7awh4=, tarball: https://registry.npm.wps.cn/string_decoder/download/string_decoder-1.3.0.tgz}

  strip-ansi@6.0.1:
    resolution: {integrity: sha1-nibGPTD1NEPpSJSVshBdN7Z6hdk=, tarball: https://registry.npm.wps.cn/strip-ansi/download/strip-ansi-6.0.1.tgz}
    engines: {node: '>=8'}

  strip-json-comments@3.1.1:
    resolution: {integrity: sha1-MfEoGzgyYwQ0gxwxDAHMzajL4AY=, tarball: https://registry.npm.wps.cn/strip-json-comments/download/strip-json-comments-3.1.1.tgz}
    engines: {node: '>=8'}

  supports-color@5.5.0:
    resolution: {integrity: sha1-4uaaRKyHcveKHsCzW2id9lMO/I8=, tarball: https://registry.npm.wps.cn/supports-color/download/supports-color-5.5.0.tgz}
    engines: {node: '>=4'}

  supports-color@7.2.0:
    resolution: {integrity: sha1-G33NyzK4E4gBs+R4umpRyqiWSNo=, tarball: https://registry.npm.wps.cn/supports-color/download/supports-color-7.2.0.tgz}
    engines: {node: '>=8'}

  supports-color@8.1.1:
    resolution: {integrity: sha1-zW/BfihQDP9WwbhsCn/UpUpzAFw=, tarball: https://registry.npm.wps.cn/supports-color/download/supports-color-8.1.1.tgz}
    engines: {node: '>=10'}

  through@2.3.8:
    resolution: {integrity: sha1-DdTJ/6q8NXlgsbckEV1+Doai4fU=, tarball: https://registry.npm.wps.cn/through/download/through-2.3.8.tgz}

  to-regex-range@5.0.1:
    resolution: {integrity: sha1-FkjESq58jZiKMmAY7XL1tN0DkuQ=, tarball: https://registry.npm.wps.cn/to-regex-range/download/to-regex-range-5.0.1.tgz}
    engines: {node: '>=8.0'}

  touch@3.1.1:
    resolution: {integrity: sha1-CXoj17FhR2Q15cE0SpXA91tKVpQ=, tarball: https://registry.npm.wps.cn/touch/download/touch-3.1.1.tgz}
    hasBin: true

  tslib@2.8.1:
    resolution: {integrity: sha1-YS7+TtI11Wfoq6Xypfq3AoCt6D8=, tarball: https://registry.npm.wps.cn/tslib/download/tslib-2.8.1.tgz}

  type-fest@0.21.3:
    resolution: {integrity: sha1-0mCiSwGYQ24TP6JqUkptZfo7Ljc=, tarball: https://registry.npm.wps.cn/type-fest/download/type-fest-0.21.3.tgz}
    engines: {node: '>=10'}

  undefsafe@2.0.5:
    resolution: {integrity: sha1-OHM7kye9zSJtuIn7cjpu/RYubiw=, tarball: https://registry.npm.wps.cn/undefsafe/download/undefsafe-2.0.5.tgz}

  undici-types@5.26.5:
    resolution: {integrity: sha1-vNU5iT0AtW6WT9JlekhmsiGmVhc=, tarball: https://registry.npm.wps.cn/undici-types/download/undici-types-5.26.5.tgz}

  util-deprecate@1.0.2:
    resolution: {integrity: sha1-RQ1Nyfpw3nMnYvvS1KKJgUGaDM8=, tarball: https://registry.npm.wps.cn/util-deprecate/download/util-deprecate-1.0.2.tgz}

  wcwidth@1.0.1:
    resolution: {integrity: sha1-8LDc+RW8X/FSivrbLA4XtTLaL+g=, tarball: https://registry.npm.wps.cn/wcwidth/download/wcwidth-1.0.1.tgz}

  workerpool@6.5.1:
    resolution: {integrity: sha1-Bg9zs50Mr5fG22TaAEzQG0wJlUQ=, tarball: https://registry.npm.wps.cn/workerpool/download/workerpool-6.5.1.tgz}

  wrap-ansi@6.2.0:
    resolution: {integrity: sha1-6Tk7oHEC5skaOyIUePAlfNKFblM=, tarball: https://registry.npm.wps.cn/wrap-ansi/download/wrap-ansi-6.2.0.tgz}
    engines: {node: '>=8'}

  wrap-ansi@7.0.0:
    resolution: {integrity: sha1-Z+FFz/UQpqaYS98RUpEdadLrnkM=, tarball: https://registry.npm.wps.cn/wrap-ansi/download/wrap-ansi-7.0.0.tgz}
    engines: {node: '>=10'}

  wrappy@1.0.2:
    resolution: {integrity: sha1-tSQ9jz7BqjXxNkYFvA0QNuMKtp8=, tarball: https://registry.npm.wps.cn/wrappy/download/wrappy-1.0.2.tgz}

  ws@8.19.0:
    resolution: {integrity: sha1-3cK9+lua2GAgT1pypIY6iJX9jIs=, tarball: https://registry.npm.wps.cn/ws/download/ws-8.19.0.tgz}
    engines: {node: '>=10.0.0'}
    peerDependencies:
      bufferutil: ^4.0.1
      utf-8-validate: '>=5.0.2'
    peerDependenciesMeta:
      bufferutil:
        optional: true
      utf-8-validate:
        optional: true

  y18n@5.0.8:
    resolution: {integrity: sha1-f0k00PfKjFb5UxSTndzS3ZHOHVU=, tarball: https://registry.npm.wps.cn/y18n/download/y18n-5.0.8.tgz}
    engines: {node: '>=10'}

  yargs-parser@20.2.9:
    resolution: {integrity: sha1-LrfcOwKJcY/ClfNidThFxBoMlO4=, tarball: https://registry.npm.wps.cn/yargs-parser/download/yargs-parser-20.2.9.tgz}
    engines: {node: '>=10'}

  yargs-unparser@2.0.0:
    resolution: {integrity: sha1-8TH5ImkRrl2a04xDL+gJNmwjJes=, tarball: https://registry.npm.wps.cn/yargs-unparser/download/yargs-unparser-2.0.0.tgz}
    engines: {node: '>=10'}

  yargs@16.2.0:
    resolution: {integrity: sha1-HIK/D2tqZur85+8w43b0mhJHf2Y=, tarball: https://registry.npm.wps.cn/yargs/download/yargs-16.2.0.tgz}
    engines: {node: '>=10'}

  yocto-queue@0.1.0:
    resolution: {integrity: sha1-ApTrPe4FAo0x7hpfosVWpqrxChs=, tarball: https://registry.npm.wps.cn/yocto-queue/download/yocto-queue-0.1.0.tgz}
    engines: {node: '>=10'}

snapshots:

  '@inquirer/external-editor@1.0.3(@types/node@18.19.130)':
    dependencies:
      chardet: 2.1.1
      iconv-lite: 0.7.2
    optionalDependencies:
      '@types/node': 18.19.130

  '@types/node@18.19.130':
    dependencies:
      undici-types: 5.26.5

  '@types/ws@8.18.1':
    dependencies:
      '@types/node': 18.19.130

  ansi-colors@4.1.3: {}

  ansi-escapes@4.3.2:
    dependencies:
      type-fest: 0.21.3

  ansi-regex@5.0.1: {}

  ansi-styles@3.2.1:
    dependencies:
      color-convert: 1.9.3

  ansi-styles@4.3.0:
    dependencies:
      color-convert: 2.0.1

  anymatch@3.1.3:
    dependencies:
      normalize-path: 3.0.0
      picomatch: 2.3.1

  argparse@2.0.1: {}

  async-task-mgr@1.1.0: {}

  async@3.2.6: {}

  balanced-match@1.0.2: {}

  base64-js@1.5.1: {}

  binary-extensions@2.3.0: {}

  bl@4.1.0:
    dependencies:
      buffer: 5.7.1
      inherits: 2.0.4
      readable-stream: 3.6.2

  bluebird@3.7.2: {}

  brace-expansion@1.1.12:
    dependencies:
      balanced-match: 1.0.2
      concat-map: 0.0.1

  brace-expansion@2.0.2:
    dependencies:
      balanced-match: 1.0.2

  braces@3.0.3:
    dependencies:
      fill-range: 7.1.1

  browser-stdout@1.3.1: {}

  buffer@5.7.1:
    dependencies:
      base64-js: 1.5.1
      ieee754: 1.2.1

  camelcase@6.3.0: {}

  chalk@2.4.2:
    dependencies:
      ansi-styles: 3.2.1
      escape-string-regexp: 1.0.5
      supports-color: 5.5.0

  chalk@4.1.2:
    dependencies:
      ansi-styles: 4.3.0
      supports-color: 7.2.0

  chardet@2.1.1: {}

  chokidar@3.6.0:
    dependencies:
      anymatch: 3.1.3
      braces: 3.0.3
      glob-parent: 5.1.2
      is-binary-path: 2.1.0
      is-glob: 4.0.3
      normalize-path: 3.0.0
      readdirp: 3.6.0
    optionalDependencies:
      fsevents: 2.3.3

  cli-cursor@3.1.0:
    dependencies:
      restore-cursor: 3.1.0

  cli-spinners@2.9.2: {}

  cli-width@3.0.0: {}

  cliui@7.0.4:
    dependencies:
      string-width: 4.2.3
      strip-ansi: 6.0.1
      wrap-ansi: 7.0.0

  clone@1.0.4: {}

  color-convert@1.9.3:
    dependencies:
      color-name: 1.1.3

  color-convert@2.0.1:
    dependencies:
      color-name: 1.1.4

  color-name@1.1.3: {}

  color-name@1.1.4: {}

  colorful@2.1.0: {}

  commander@2.20.3: {}

  concat-map@0.0.1: {}

  debug@3.2.7(supports-color@5.5.0):
    dependencies:
      ms: 2.1.3
    optionalDependencies:
      supports-color: 5.5.0

  debug@4.4.3(supports-color@8.1.1):
    dependencies:
      ms: 2.1.3
    optionalDependencies:
      supports-color: 8.1.1

  decamelize@4.0.0: {}

  defaults@1.0.4:
    dependencies:
      clone: 1.0.4

  diff@5.2.2: {}

  emoji-regex@8.0.0: {}

  escalade@3.2.0: {}

  escape-string-regexp@1.0.5: {}

  escape-string-regexp@4.0.0: {}

  figures@3.2.0:
    dependencies:
      escape-string-regexp: 1.0.5

  fill-range@7.1.1:
    dependencies:
      to-regex-range: 5.0.1

  find-up@5.0.0:
    dependencies:
      locate-path: 6.0.0
      path-exists: 4.0.0

  flat@5.0.2: {}

  fs.realpath@1.0.0: {}

  fsevents@2.3.3:
    optional: true

  get-caller-file@2.0.5: {}

  glob-parent@5.1.2:
    dependencies:
      is-glob: 4.0.3

  glob@8.1.0:
    dependencies:
      fs.realpath: 1.0.0
      inflight: 1.0.6
      inherits: 2.0.4
      minimatch: 5.1.6
      once: 1.4.0

  has-flag@3.0.0: {}

  has-flag@4.0.0: {}

  he@1.2.0: {}

  iconv-lite@0.7.2:
    dependencies:
      safer-buffer: 2.1.2

  ieee754@1.2.1: {}

  ignore-by-default@1.0.1: {}

  inflight@1.0.6:
    dependencies:
      once: 1.4.0
      wrappy: 1.0.2

  inherits@2.0.4: {}

  inquirer@8.2.7(@types/node@18.19.130):
    dependencies:
      '@inquirer/external-editor': 1.0.3(@types/node@18.19.130)
      ansi-escapes: 4.3.2
      chalk: 4.1.2
      cli-cursor: 3.1.0
      cli-width: 3.0.0
      figures: 3.2.0
      lodash: 4.17.23
      mute-stream: 0.0.8
      ora: 5.4.1
      run-async: 2.4.1
      rxjs: 7.8.2
      string-width: 4.2.3
      strip-ansi: 6.0.1
      through: 2.3.8
      wrap-ansi: 6.2.0
    transitivePeerDependencies:
      - '@types/node'

  is-binary-path@2.1.0:
    dependencies:
      binary-extensions: 2.3.0

  is-extglob@2.1.1: {}

  is-fullwidth-code-point@3.0.0: {}

  is-glob@4.0.3:
    dependencies:
      is-extglob: 2.1.1

  is-interactive@1.0.0: {}

  is-number@7.0.0: {}

  is-plain-obj@2.1.0: {}

  is-unicode-supported@0.1.0: {}

  js-yaml@4.1.1:
    dependencies:
      argparse: 2.0.1

  locate-path@6.0.0:
    dependencies:
      p-locate: 5.0.0

  lodash@4.17.23: {}

  log-symbols@4.1.0:
    dependencies:
      chalk: 4.1.2
      is-unicode-supported: 0.1.0

  mimic-fn@2.1.0: {}

  minimatch@3.1.2:
    dependencies:
      brace-expansion: 1.1.12

  minimatch@5.1.6:
    dependencies:
      brace-expansion: 2.0.2

  mocha@10.8.2:
    dependencies:
      ansi-colors: 4.1.3
      browser-stdout: 1.3.1
      chokidar: 3.6.0
      debug: 4.4.3(supports-color@8.1.1)
      diff: 5.2.2
      escape-string-regexp: 4.0.0
      find-up: 5.0.0
      glob: 8.1.0
      he: 1.2.0
      js-yaml: 4.1.1
      log-symbols: 4.1.0
      minimatch: 5.1.6
      ms: 2.1.3
      serialize-javascript: 6.0.2
      strip-json-comments: 3.1.1
      supports-color: 8.1.1
      workerpool: 6.5.1
      yargs: 16.2.0
      yargs-parser: 20.2.9
      yargs-unparser: 2.0.0

  ms@2.1.3: {}

  mute-stream@0.0.8: {}

  node-easy-cert@1.3.3:
    dependencies:
      async-task-mgr: 1.1.0
      colorful: 2.1.0
      commander: 2.20.3
      node-forge: 0.6.49
      node-powershell: 3.3.1

  node-forge@0.6.49: {}

  node-powershell@3.3.1:
    dependencies:
      bluebird: 3.7.2
      chalk: 2.4.2

  nodemon@2.0.22:
    dependencies:
      chokidar: 3.6.0
      debug: 3.2.7(supports-color@5.5.0)
      ignore-by-default: 1.0.1
      minimatch: 3.1.2
      pstree.remy: 1.1.8
      semver: 5.7.2
      simple-update-notifier: 1.1.0
      supports-color: 5.5.0
      touch: 3.1.1
      undefsafe: 2.0.5

  normalize-path@3.0.0: {}

  once@1.4.0:
    dependencies:
      wrappy: 1.0.2

  onetime@5.1.2:
    dependencies:
      mimic-fn: 2.1.0

  ora@5.4.1:
    dependencies:
      bl: 4.1.0
      chalk: 4.1.2
      cli-cursor: 3.1.0
      cli-spinners: 2.9.2
      is-interactive: 1.0.0
      is-unicode-supported: 0.1.0
      log-symbols: 4.1.0
      strip-ansi: 6.0.1
      wcwidth: 1.0.1

  p-limit@3.1.0:
    dependencies:
      yocto-queue: 0.1.0

  p-locate@5.0.0:
    dependencies:
      p-limit: 3.1.0

  path-exists@4.0.0: {}

  picomatch@2.3.1: {}

  portfinder@1.0.38:
    dependencies:
      async: 3.2.6
      debug: 4.4.3(supports-color@8.1.1)
    transitivePeerDependencies:
      - supports-color

  pstree.remy@1.1.8: {}

  randombytes@2.1.0:
    dependencies:
      safe-buffer: 5.2.1

  readable-stream@3.6.2:
    dependencies:
      inherits: 2.0.4
      string_decoder: 1.3.0
      util-deprecate: 1.0.2

  readdirp@3.6.0:
    dependencies:
      picomatch: 2.3.1

  require-directory@2.1.1: {}

  restore-cursor@3.1.0:
    dependencies:
      onetime: 5.1.2
      signal-exit: 3.0.7

  run-async@2.4.1: {}

  rxjs@7.8.2:
    dependencies:
      tslib: 2.8.1

  safe-buffer@5.2.1: {}

  safer-buffer@2.1.2: {}

  semver@5.7.2: {}

  semver@7.0.0: {}

  serialize-javascript@6.0.2:
    dependencies:
      randombytes: 2.1.0

  signal-exit@3.0.7: {}

  simple-update-notifier@1.1.0:
    dependencies:
      semver: 7.0.0

  string-width@4.2.3:
    dependencies:
      emoji-regex: 8.0.0
      is-fullwidth-code-point: 3.0.0
      strip-ansi: 6.0.1

  string_decoder@1.3.0:
    dependencies:
      safe-buffer: 5.2.1

  strip-ansi@6.0.1:
    dependencies:
      ansi-regex: 5.0.1

  strip-json-comments@3.1.1: {}

  supports-color@5.5.0:
    dependencies:
      has-flag: 3.0.0

  supports-color@7.2.0:
    dependencies:
      has-flag: 4.0.0

  supports-color@8.1.1:
    dependencies:
      has-flag: 4.0.0

  through@2.3.8: {}

  to-regex-range@5.0.1:
    dependencies:
      is-number: 7.0.0

  touch@3.1.1: {}

  tslib@2.8.1: {}

  type-fest@0.21.3: {}

  undefsafe@2.0.5: {}

  undici-types@5.26.5: {}

  util-deprecate@1.0.2: {}

  wcwidth@1.0.1:
    dependencies:
      defaults: 1.0.4

  workerpool@6.5.1: {}

  wrap-ansi@6.2.0:
    dependencies:
      ansi-styles: 4.3.0
      string-width: 4.2.3
      strip-ansi: 6.0.1

  wrap-ansi@7.0.0:
    dependencies:
      ansi-styles: 4.3.0
      string-width: 4.2.3
      strip-ansi: 6.0.1

  wrappy@1.0.2: {}

  ws@8.19.0: {}

  y18n@5.0.8: {}

  yargs-parser@20.2.9: {}

  yargs-unparser@2.0.0:
    dependencies:
      camelcase: 6.3.0
      decamelize: 4.0.0
      flat: 5.0.2
      is-plain-obj: 2.1.0

  yargs@16.2.0:
    dependencies:
      cliui: 7.0.4
      escalade: 3.2.0
      get-caller-file: 2.0.5
      require-directory: 2.1.1
      string-width: 4.2.3
      y18n: 5.0.8
      yargs-parser: 20.2.9

  yocto-queue@0.1.0: {}
